<?xml version="1.0" encoding="utf-8"?>
<Project ToolsVersion="14.0" xmlns="http://schemas.microsoft.com/developer/msbuild/2003">
  <ItemGroup>
    <Filter Include="Source Files">
      <UniqueIdentifier>56a11143-47e9-4bf6-be3e-5d23bc16a48b</UniqueIdentifier>
      <Extensions>cpp;c;cxx;rc;def;r;odl;idl;hpj;bat</Extensions>
    </Filter>
    <Filter Include="Win32">
      <UniqueIdentifier>3f274fb1-2c9e-4aa9-b518-4876b8577741</UniqueIdentifier>
      <Extensions>dll</Extensions>
    </Filter>
    <Filter Include="x64">
      <UniqueIdentifier>0ea39a6c-2670-443b-bef7-ab7f07a5a8b1</UniqueIdentifier>
      <Extensions>dll</Extensions>
    </Filter>
  </ItemGroup>
  <ItemGroup>
    <ClCompile Include="pdftoolsencrypt.c">
      <Filter>Source Files</Filter>
    </ClCompile>
  </ItemGroup>
  <ItemGroup>
    <ContentWithTargetPath Include="lib\win-x86\PdfToolsSdk.dll">
      <Filter>Win32</Filter>
    </ContentWithTargetPath>
    <ContentWithTargetPath Include="lib\win-x64\PdfToolsSdk.dll">
      <Filter>x64</Filter>
    </ContentWithTargetPath>
    <ContentWithTargetPath Include="lib\win-arm64\PdfToolsSdk.dll">
      <Filter>ARM64</Filter>
    </ContentWithTargetPath>
  </ItemGroup>
</Project>